
Microsoft Visual Studio Solution File, Format Version 12.00
# Visual Studio Version 17
VisualStudioVersion = 17.4.33205.214
MinimumVisualStudioVersion = 10.0.40219.1
Project("{FAE04EC0-301F-11D3-BF4B-00C04F79EFBC}") = "WindowsFormsApp3", "WindowsFormsApp3\WindowsFormsApp3.csproj", "{2E3C729B-8EBE-4E53-8171-C3E184560342}"
EndProject
Global
	GlobalSection(SolutionConfigurationPlatforms) = preSolution
		Debug|Any CPU = Debug|Any CPU
		Release|Any CPU = Release|Any CPU
	EndGlobalSection
	GlobalSection(ProjectConfigurationPlatforms) = postSolution
		{2E3C729B-8EBE-4E53-8171-C3E184560342}.Debug|Any CPU.ActiveCfg = Debug|Any CPU
		{2E3C729B-8EBE-4E53-8171-C3E184560342}.Debug|Any CPU.Build.0 = Debug|Any CPU
		{2E3C729B-8EBE-4E53-8171-C3E184560342}.Release|Any CPU.ActiveCfg = Release|Any CPU
		{2E3C729B-8EBE-4E53-8171-C3E184560342}.Release|Any CPU.Build.0 = Release|Any CPU
	EndGlobalSection
	GlobalSection(SolutionProperties) = preSolution
		HideSolutionNode = FALSE
	EndGlobalSection
	GlobalSection(ExtensibilityGlobals) = postSolution
		SolutionGuid = {7C458C6A-CC85-4341-94EA-A4DCC70D06D4}
	EndGlobalSection
EndGlobal
